
Microsoft Visual Studio Solution File, Format Version 12.00
# Visual Studio Version 17
VisualStudioVersion = 17.1.32421.90
MinimumVisualStudioVersion = 10.0.40219.1
Project("{FAE04EC0-301F-11D3-BF4B-00C04F79EFBC}") = "tttPlayer", "tttPlayer\tttPlayer.csproj", "{84D89C97-0AE3-4850-AB9B-31FD8D67DD9B}"
EndProject
Project("{54435603-DBB4-11D2-8724-00A0C9A8B90C}") = "GameSetup", "GameSetup\GameSetup.vdproj", "{E137B26E-A10D-4668-A9AF-E223ED6291FE}"
EndProject
Global
	GlobalSection(SolutionConfigurationPlatforms) = preSolution
		Debug|Any CPU = Debug|Any CPU
		Release|Any CPU = Release|Any CPU
	EndGlobalSection
	GlobalSection(ProjectConfigurationPlatforms) = postSolution
		{84D89C97-0AE3-4850-AB9B-31FD8D67DD9B}.Debug|Any CPU.ActiveCfg = Debug|Any CPU
		{84D89C97-0AE3-4850-AB9B-31FD8D67DD9B}.Debug|Any CPU.Build.0 = Debug|Any CPU
		{84D89C97-0AE3-4850-AB9B-31FD8D67DD9B}.Release|Any CPU.ActiveCfg = Release|Any CPU
		{84D89C97-0AE3-4850-AB9B-31FD8D67DD9B}.Release|Any CPU.Build.0 = Release|Any CPU
		{E137B26E-A10D-4668-A9AF-E223ED6291FE}.Debug|Any CPU.ActiveCfg = Debug
		{E137B26E-A10D-4668-A9AF-E223ED6291FE}.Release|Any CPU.ActiveCfg = Release
	EndGlobalSection
	GlobalSection(SolutionProperties) = preSolution
		HideSolutionNode = FALSE
	EndGlobalSection
	GlobalSection(ExtensibilityGlobals) = postSolution
		SolutionGuid = {02A875C1-719F-4EC0-9B47-2F924EB5FCE1}
	EndGlobalSection
EndGlobal
